
Microsoft Visual Studio Solution File, Format Version 12.00
# Visual Studio 15
VisualStudioVersion = 15.0.27703.2035
MinimumVisualStudioVersion = 10.0.40219.1
Project("{FAE04EC0-301F-11D3-BF4B-00C04F79EFBC}") = "WebAPIDemo", "WebAPIDemo\WebAPIDemo.csproj", "{B4442685-D313-4D17-BA5D-DFAA993AB6B5}"
EndProject
Project("{E53339B2-1760-4266-BCC7-CA923CBCF16C}") = "docker-compose", "docker-compose.dcproj", "{BFF0B23B-D667-444F-B969-7680AB32636A}"
EndProject
Global
	GlobalSection(SolutionConfigurationPlatforms) = preSolution
		Debug|Any CPU = Debug|Any CPU
		Release|Any CPU = Release|Any CPU
	EndGlobalSection
	GlobalSection(ProjectConfigurationPlatforms) = postSolution
		{B4442685-D313-4D17-BA5D-DFAA993AB6B5}.Debug|Any CPU.ActiveCfg = Debug|Any CPU
		{B4442685-D313-4D17-BA5D-DFAA993AB6B5}.Debug|Any CPU.Build.0 = Debug|Any CPU
		{B4442685-D313-4D17-BA5D-DFAA993AB6B5}.Release|Any CPU.ActiveCfg = Release|Any CPU
		{B4442685-D313-4D17-BA5D-DFAA993AB6B5}.Release|Any CPU.Build.0 = Release|Any CPU
		{BFF0B23B-D667-444F-B969-7680AB32636A}.Debug|Any CPU.ActiveCfg = Debug|Any CPU
		{BFF0B23B-D667-444F-B969-7680AB32636A}.Debug|Any CPU.Build.0 = Debug|Any CPU
		{BFF0B23B-D667-444F-B969-7680AB32636A}.Release|Any CPU.ActiveCfg = Release|Any CPU
		{BFF0B23B-D667-444F-B969-7680AB32636A}.Release|Any CPU.Build.0 = Release|Any CPU
	EndGlobalSection
	GlobalSection(SolutionProperties) = preSolution
		HideSolutionNode = FALSE
	EndGlobalSection
	GlobalSection(ExtensibilityGlobals) = postSolution
		SolutionGuid = {D26B55BB-C6E6-43D8-A913-E910CFC47326}
	EndGlobalSection
EndGlobal
